
Microsoft Visual Studio Solution File, Format Version 12.00
Project("{FAE04EC0-301F-11D3-BF4B-00C04F79EFBC}") = "ClassMethodDemo", "ClassMethodDemo\ClassMethodDemo.csproj", "{3C28C20C-F1F2-45C4-8630-A60A8408CCDA}"
EndProject
Global
	GlobalSection(SolutionConfigurationPlatforms) = preSolution
		Debug|Any CPU = Debug|Any CPU
		Release|Any CPU = Release|Any CPU
	EndGlobalSection
	GlobalSection(ProjectConfigurationPlatforms) = postSolution
		{3C28C20C-F1F2-45C4-8630-A60A8408CCDA}.Debug|Any CPU.ActiveCfg = Debug|Any CPU
		{3C28C20C-F1F2-45C4-8630-A60A8408CCDA}.Debug|Any CPU.Build.0 = Debug|Any CPU
		{3C28C20C-F1F2-45C4-8630-A60A8408CCDA}.Release|Any CPU.ActiveCfg = Release|Any CPU
		{3C28C20C-F1F2-45C4-8630-A60A8408CCDA}.Release|Any CPU.Build.0 = Release|Any CPU
	EndGlobalSection
EndGlobal
